// !$*UTF8*$!
{
	archiveVersion = 1;
	classes = {
	};
	objectVersion = 46;
	objects = {

/* Begin PBXBuildFile section */
		98C4EAAC1A13349E00978795 /* main.swift in Sources */ = {isa = PBXBuildFile; fileRef = 98C4EAAB1A13349E00978795 /* main.swift */; };
		98C4EAB51A1334C400978795 /* Person.m in Sources */ = {isa = PBXBuildFile; fileRef = 98C4EAB41A1334C400978795 /* Person.m */; };
/* End PBXBuildFile section */

/* Begin PBXCopyFilesBuildPhase section */
		98C4EAA61A13349E00978795 /* CopyFiles */ = {
			isa = PBXCopyFilesBuildPhase;
			buildActionMask = 2147483647;
			dstPath = /usr/share/man/man1/;
			dstSubfolderSpec = 0;
			files = (
			);
			runOnlyForDeploymentPostprocessing = 1;
		};
/* End PBXCopyFilesBuildPhase section */

/* Begin PBXFileReference section */
		98C4EAA81A13349E00978795 /* SwiftCallC&OC */ = {isa = PBXFileReference; explicitFileType = "compiled.mach-o.executable"; includeInIndex = 0; path = "SwiftCallC&OC"; sourceTree = BUILT_PRODUCTS_DIR; };
		98C4EAAB1A13349E00978795 /* main.swift */ = {isa = PBXFileReference; lastKnownFileType = sourcecode.swift; path = main.swift; sourceTree = "<group>"; };
		98C4EAB21A1334C400978795 /* SwiftCallC&OC-Bridging-Header.h */ = {isa = PBXFileReference; lastKnownFileType = sourcecode.c.h; path = "SwiftCallC&OC-Bridging-Header.h"; sourceTree = "<group>"; };
		98C4EAB31A1334C400978795 /* Person.h */ = {isa = PBXFileReference; fileEncoding = 4; lastKnownFileType = sourcecode.c.h; path = Person.h; sourceTree = "<group>"; };
		98C4EAB41A1334C400978795 /* Person.m */ = {isa = PBXFileReference; fileEncoding = 4; lastKnownFileType = sourcecode.c.objc; path = Person.m; sourceTree = "<group>"; };
/* End PBXFileReference section */

/* Begin PBXFrameworksBuildPhase section */
		98C4EAA51A13349E00978795 /* Frameworks */ = {
			isa = PBXFrameworksBuildPhase;
			buildActionMask = 2147483647;
			files = (
			);
			runOnlyForDeploymentPostprocessing = 0;
		};
/* End PBXFrameworksBuildPhase section */

/* Begin PBXGroup section */
		98C4EA9F1A13349E00978795 = {
			isa = PBXGroup;
			children = (
				98C4EAAA1A13349E00978795 /* SwiftCallC&OC */,
				98C4EAA91A13349E00978795 /* Products */,
			);
			sourceTree = "<group>";
		};
		98C4EAA91A13349E00978795 /* Products */ = {
			isa = PBXGroup;
			children = (
				98C4EAA81A13349E00978795 /* SwiftCallC&OC */,
			);
			name = Products;
			sourceTree = "<group>";
		};
		98C4EAAA1A13349E00978795 /* SwiftCallC&OC */ = {
			isa = PBXGroup;
			children = (
				98C4EAAB1A13349E00978795 /* main.swift */,
				98C4EAB31A1334C400978795 /* Person.h */,
				98C4EAB41A1334C400978795 /* Person.m */,
				98C4EAB21A1334C400978795 /* SwiftCallC&OC-Bridging-Header.h */,
			);
			path = "SwiftCallC&OC";
			sourceTree = "<group>";
		};
/* End PBXGroup section */

/* Begin PBXNativeTarget section */
		98C4EAA71A13349E00978795 /* SwiftCallC&OC */ = {
			isa = PBXNativeTarget;
			buildConfigurationList = 98C4EAAF1A13349E00978795 /* Build configuration list for PBXNativeTarget "SwiftCallC&OC" */;
			buildPhases = (
				98C4EAA41A13349E00978795 /* Sources */,
				98C4EAA51A13349E00978795 /* Frameworks */,
				98C4EAA61A13349E00978795 /* CopyFiles */,
			);
			buildRules = (
			);
			dependencies = (
			);
			name = "SwiftCallC&OC";
			productName = "SwiftCallC&OC";
			productReference = 98C4EAA81A13349E00978795 /* SwiftCallC&OC */;
			productType = "com.apple.product-type.tool";
		};
/* End PBXNativeTarget section */

/* Begin PBXProject section */
		98C4EAA01A13349E00978795 /* Project object */ = {
			isa = PBXProject;
			attributes = {
				LastSwiftUpdateCheck = 0700;
				LastUpgradeCheck = 0700;
				ORGANIZATIONNAME = "www.iphonetrain.com 无限互联3G学院";
				TargetAttributes = {
					98C4EAA71A13349E00978795 = {
						CreatedOnToolsVersion = 6.1;
					};
				};
			};
			buildConfigurationList = 98C4EAA31A13349E00978795 /* Build configuration list for PBXProject "SwiftCallC&OC" */;
			compatibilityVersion = "Xcode 3.2";
			developmentRegion = English;
			hasScannedForEncodings = 0;
			knownRegions = (
				en,
			);
			mainGroup = 98C4EA9F1A13349E00978795;
			productRefGroup = 98C4EAA91A13349E00978795 /* Products */;
			projectDirPath = "";
			projectRoot = "";
			targets = (
				98C4EAA71A13349E00978795 /* SwiftCallC&OC */,
			);
		};
/* End PBXProject section */

/* Begin PBXSourcesBuildPhase section */
		98C4EAA41A13349E00978795 /* Sources */ = {
			isa = PBXSourcesBuildPhase;
			buildActionMask = 2147483647;
			files = (
				98C4EAB51A1334C400978795 /* Person.m in Sources */,
				98C4EAAC1A13349E00978795 /* main.swift in Sources */,
			);
			runOnlyForDeploymentPostprocessing = 0;
		};
/* End PBXSourcesBuildPhase section */

/* Begin XCBuildConfiguration section */
		98C4EAAD1A13349E00978795 /* Debug */ = {
			isa = XCBuildConfiguration;
			buildSettings = {
				ALWAYS_SEARCH_USER_PATHS = NO;
				CLANG_CXX_LANGUAGE_STANDARD = "gnu++0x";
				CLANG_CXX_LIBRARY = "libc++";
				CLANG_ENABLE_MODULES = YES;
				CLANG_ENABLE_OBJC_ARC = YES;
				CLANG_WARN_BOOL_CONVERSION = YES;
				CLANG_WARN_CONSTANT_CONVERSION = YES;
				CLANG_WARN_DIRECT_OBJC_ISA_USAGE = YES_ERROR;
				CLANG_WARN_EMPTY_BODY = YES;
				CLANG_WARN_ENUM_CONVERSION = YES;
				CLANG_WARN_INT_CONVERSION = YES;
				CLANG_WARN_OBJC_ROOT_CLASS = YES_ERROR;
				CLANG_WARN_UNREACHABLE_CODE = YES;
				CLANG_WARN__DUPLICATE_METHOD_MATCH = YES;
				COPY_PHASE_STRIP = NO;
				ENABLE_STRICT_OBJC_MSGSEND = YES;
				ENABLE_TESTABILITY = YES;
				GCC_C_LANGUAGE_STANDARD = gnu99;
				GCC_DYNAMIC_NO_PIC = NO;
				GCC_OPTIMIZATION_LEVEL = 0;
				GCC_PREPROCESSOR_DEFINITIONS = (
					"DEBUG=1",
					"$(inherited)",
				);
				GCC_SYMBOLS_PRIVATE_EXTERN = NO;
				GCC_WARN_64_TO_32_BIT_CONVERSION = YES;
				GCC_WARN_ABOUT_RETURN_TYPE = YES_ERROR;
				GCC_WARN_UNDECLARED_SELECTOR = YES;
				GCC_WARN_UNINITIALIZED_AUTOS = YES_AGGRESSIVE;
				GCC_WARN_UNUSED_FUNCTION = YES;
				GCC_WARN_UNUSED_VARIABLE = YES;
				MACOSX_DEPLOYMENT_TARGET = 10.9;
				MTL_ENABLE_DEBUG_INFO = YES;
				ONLY_ACTIVE_ARCH = YES;
				SDKROOT = macosx;
				SWIFT_OPTIMIZATION_LEVEL = "-Onone";
			};
			name = Debug;
		};
		98C4EAAE1A13349E00978795 /* Release */ = {
			isa = XCBuildConfiguration;
			buildSettings = {
				ALWAYS_SEARCH_USER_PATHS = NO;
				CLANG_CXX_LANGUAGE_STANDARD = "gnu++0x";
				CLANG_CXX_LIBRARY = "libc++";
				CLANG_ENABLE_MODULES = YES;
				CLANG_ENABLE_OBJC_ARC = YES;
				CLANG_WARN_BOOL_CONVERSION = YES;
				CLANG_WARN_CONSTANT_CONVERSION = YES;
				CLANG_WARN_DIRECT_OBJC_ISA_USAGE = YES_ERROR;
				CLANG_WARN_EMPTY_BODY = YES;
				CLANG_WARN_ENUM_CONVERSION = YES;
				CLANG_WARN_INT_CONVERSION = YES;
				CLANG_WARN_OBJC_ROOT_CLASS = YES_ERROR;
				CLANG_WARN_UNREACHABLE_CODE = YES;
				CLANG_WARN__DUPLICATE_METHOD_MATCH = YES;
				COPY_PHASE_STRIP = YES;
				DEBUG_INFORMATION_FORMAT = "dwarf-with-dsym";
				ENABLE_NS_ASSERTIONS = NO;
				ENABLE_STRICT_OBJC_MSGSEND = YES;
				GCC_C_LANGUAGE_STANDARD = gnu99;
				GCC_WARN_64_TO_32_BIT_CONVERSION = YES;
				GCC_WARN_ABOUT_RETURN_TYPE = YES_ERROR;
				GCC_WARN_UNDECLARED_SELECTOR = YES;
				GCC_WARN_UNINITIALIZED_AUTOS = YES_AGGRESSIVE;
				GCC_WARN_UNUSED_FUNCTION = YES;
				GCC_WARN_UNUSED_VARIABLE = YES;
				MACOSX_DEPLOYMENT_TARGET = 10.9;
				MTL_ENABLE_DEBUG_INFO = NO;
				SDKROOT = macosx;
			};
			name = Release;
		};
		98C4EAB01A13349E00978795 /* Debug */ = {
			isa = XCBuildConfiguration;
			buildSettings = {
				CLANG_ENABLE_MODULES = YES;
				LD_RUNPATH_SEARCH_PATHS = "$(inherited) @executable_path/../Frameworks @loader_path/../Frameworks";
				PRODUCT_NAME = "$(TARGET_NAME)";
				SWIFT_OBJC_BRIDGING_HEADER = "SwiftCallC&OC/SwiftCallC&OC-Bridging-Header.h";
				SWIFT_OPTIMIZATION_LEVEL = "-Onone";
			};
			name = Debug;
		};
		98C4EAB11A13349E00978795 /* Release */ = {
			isa = XCBuildConfiguration;
			buildSettings = {
				CLANG_ENABLE_MODULES = YES;
				LD_RUNPATH_SEARCH_PATHS = "$(inherited) @executable_path/../Frameworks @loader_path/../Frameworks";
				PRODUCT_NAME = "$(TARGET_NAME)";
				SWIFT_OBJC_BRIDGING_HEADER = "SwiftCallC&OC/SwiftCallC&OC-Bridging-Header.h";
			};
			name = Release;
		};
/* End XCBuildConfiguration section */

/* Begin XCConfigurationList section */
		98C4EAA31A13349E00978795 /* Build configuration list for PBXProject "SwiftCallC&OC" */ = {
			isa = XCConfigurationList;
			buildConfigurations = (
				98C4EAAD1A13349E00978795 /* Debug */,
				98C4EAAE1A13349E00978795 /* Release */,
			);
			defaultConfigurationIsVisible = 0;
			defaultConfigurationName = Release;
		};
		98C4EAAF1A13349E00978795 /* Build configuration list for PBXNativeTarget "SwiftCallC&OC" */ = {
			isa = XCConfigurationList;
			buildConfigurations = (
				98C4EAB01A13349E00978795 /* Debug */,
				98C4EAB11A13349E00978795 /* Release */,
			);
			defaultConfigurationIsVisible = 0;
			defaultConfigurationName = Release;
		};
/* End XCConfigurationList section */
	};
	rootObject = 98C4EAA01A13349E00978795 /* Project object */;
}
